{
    "_readme": [
        "This file locks the dependencies of your project to a known state",
        "Read more about it at https://getcomposer.org/doc/01-basic-usage.md#installing-dependencies",
        "This file is @generated automatically"
    ],
    "content-hash": "a6cd0147eee86dacdc015067cca6b594",
    "packages": [
        {
            "name": "a5hleyrich/wp-background-processing",
            "version": "dev-master",
            "source": {
                "type": "git",
                "url": "https://github.com/A5hleyRich/wp-background-processing.git",
                "reference": "1f070aab5058dbaf45d5435a343033ddd8a641b1"
            },
            "dist": {
                "type": "zip",
                "url": "https://api.github.com/repos/A5hleyRich/wp-background-processing/zipball/1f070aab5058dbaf45d5435a343033ddd8a641b1",
                "reference": "1f070aab5058dbaf45d5435a343033ddd8a641b1",
                "shasum": ""
            },
            "require": {
                "php": ">=5.2"
            },
            "type": "library",
            "autoload": {
                "classmap": [
                    "classes/"
                ]
            },
            "notification-url": "https://packagist.org/downloads/",
            "license": [
                "GPL-2.0-only"
            ],
            "authors": [
                {
                    "name": "Ashley Rich",
                    "email": "hello@ashleyrich.com"
                }
            ],
            "description": "WP Background Processing can be used to fire off non-blocking asynchronous requests or as a background processing tool, allowing you to queue tasks.",
            "time": "2018-02-12T09:24:05+00:00"
        },
        {
            "name": "mashape/unirest-php",
            "version": "v3.0.4",
            "source": {
                "type": "git",
                "url": "https://github.com/Mashape/unirest-php.git",
                "reference": "842c0f242dfaaf85f16b72e217bf7f7c19ab12cb"
            },
            "dist": {
                "type": "zip",
                "url": "https://api.github.com/repos/Mashape/unirest-php/zipball/842c0f242dfaaf85f16b72e217bf7f7c19ab12cb",
                "reference": "842c0f242dfaaf85f16b72e217bf7f7c19ab12cb",
                "shasum": ""
            },
            "require": {
                "ext-curl": "*",
                "php": ">=5.4.0"
            },
            "require-dev": {
                "codeclimate/php-test-reporter": "0.1.*",
                "phpunit/phpunit": "~4.4"
            },
            "suggest": {
                "ext-json": "Allows using JSON Bodies for sending and parsing requests"
            },
            "type": "library",
            "autoload": {
                "psr-0": {
                    "Unirest\\": "src/"
                }
            },
            "notification-url": "https://packagist.org/downloads/",
            "license": [
                "MIT"
            ],
            "description": "Unirest PHP",
            "homepage": "https://github.com/Mashape/unirest-php",
            "keywords": [
                "client",
                "curl",
                "http",
                "https",
                "rest"
            ],
            "time": "2016-08-11T17:49:21+00:00"
        }
    ],
    "packages-dev": [],
    "aliases": [],
    "minimum-stability": "dev",
    "stability-flags": {
        "a5hleyrich/wp-background-processing": 20
    },
    "prefer-stable": false,
    "prefer-lowest": false,
    "platform": [],
    "platform-dev": []
}
